// !$*UTF8*$!
{
	archiveVersion = 1;
	classes = {
	};
	objectVersion = 50;
	objects = {

/* Begin PBXBuildFile section */
		8B0E53D2230A4F5A008C99F4 /* CellView.swift in Sources */ = {isa = PBXBuildFile; fileRef = 8B0E53D1230A4F5A008C99F4 /* CellView.swift */; };
		8B0E53D4230A53AA008C99F4 /* Screensaver.swift in Sources */ = {isa = PBXBuildFile; fileRef = 8B0E53D3230A53AA008C99F4 /* Screensaver.swift */; };
		8B0E53D6230A8023008C99F4 /* CardViewModelView.swift in Sources */ = {isa = PBXBuildFile; fileRef = 8B0E53D5230A8023008C99F4 /* CardViewModelView.swift */; };
		8B0E53D8230A89D6008C99F4 /* CardCallbackView.swift in Sources */ = {isa = PBXBuildFile; fileRef = 8B0E53D7230A89D6008C99F4 /* CardCallbackView.swift */; };
		8B975D89231CB41D001B6658 /* UserDefaults+Extensions.swift in Sources */ = {isa = PBXBuildFile; fileRef = 8B975D88231CB41D001B6658 /* UserDefaults+Extensions.swift */; };
		8B975D8B231CB4AE001B6658 /* Filters.swift in Sources */ = {isa = PBXBuildFile; fileRef = 8B975D8A231CB4AE001B6658 /* Filters.swift */; };
		8B975D8D231CB732001B6658 /* FiltersModalView.swift in Sources */ = {isa = PBXBuildFile; fileRef = 8B975D8C231CB732001B6658 /* FiltersModalView.swift */; };
		8B975D8F231CBACA001B6658 /* FiltersMC.swift in Sources */ = {isa = PBXBuildFile; fileRef = 8B975D8E231CBACA001B6658 /* FiltersMC.swift */; };
		8B975D99231CBE5E001B6658 /* CheckboxBinding.swift in Sources */ = {isa = PBXBuildFile; fileRef = 8B975D98231CBE5E001B6658 /* CheckboxBinding.swift */; };
		8B993C282309E33300B3C7DC /* AppDelegate.swift in Sources */ = {isa = PBXBuildFile; fileRef = 8B993C272309E33300B3C7DC /* AppDelegate.swift */; };
		8B993C2A2309E33300B3C7DC /* SceneDelegate.swift in Sources */ = {isa = PBXBuildFile; fileRef = 8B993C292309E33300B3C7DC /* SceneDelegate.swift */; };
		8B993C2C2309E33300B3C7DC /* ContentView.swift in Sources */ = {isa = PBXBuildFile; fileRef = 8B993C2B2309E33300B3C7DC /* ContentView.swift */; };
		8B993C2E2309E33700B3C7DC /* Assets.xcassets in Resources */ = {isa = PBXBuildFile; fileRef = 8B993C2D2309E33700B3C7DC /* Assets.xcassets */; };
		8B993C312309E33700B3C7DC /* Preview Assets.xcassets in Resources */ = {isa = PBXBuildFile; fileRef = 8B993C302309E33700B3C7DC /* Preview Assets.xcassets */; };
		8B993C342309E33700B3C7DC /* LaunchScreen.storyboard in Resources */ = {isa = PBXBuildFile; fileRef = 8B993C322309E33700B3C7DC /* LaunchScreen.storyboard */; };
		8B993C3C2309E34F00B3C7DC /* MainButtonView.swift in Sources */ = {isa = PBXBuildFile; fileRef = 8B993C3B2309E34F00B3C7DC /* MainButtonView.swift */; };
		8B993C3E2309E48700B3C7DC /* Color+Extensions.swift in Sources */ = {isa = PBXBuildFile; fileRef = 8B993C3D2309E48700B3C7DC /* Color+Extensions.swift */; };
		8B993C402309E4F300B3C7DC /* Font+Extensions.swift in Sources */ = {isa = PBXBuildFile; fileRef = 8B993C3F2309E4F300B3C7DC /* Font+Extensions.swift */; };
		8B993C44230A066400B3C7DC /* CounterView.swift in Sources */ = {isa = PBXBuildFile; fileRef = 8B993C43230A066400B3C7DC /* CounterView.swift */; };
		8B993C46230A06E000B3C7DC /* IncreaseDecreaseView.swift in Sources */ = {isa = PBXBuildFile; fileRef = 8B993C45230A06E000B3C7DC /* IncreaseDecreaseView.swift */; };
		8BA3B0BB231CC1D200D1DD8E /* EnvironmentFiltersView.swift in Sources */ = {isa = PBXBuildFile; fileRef = 8BA3B0BA231CC1D200D1DD8E /* EnvironmentFiltersView.swift */; };
		8BA3B0BD231CC20300D1DD8E /* Layout.swift in Sources */ = {isa = PBXBuildFile; fileRef = 8BA3B0BC231CC20300D1DD8E /* Layout.swift */; };
		8BE12888230B704500644828 /* CardObserverView.swift in Sources */ = {isa = PBXBuildFile; fileRef = 8BE12887230B704500644828 /* CardObserverView.swift */; };
		8BFEA529231C252E007D09B3 /* CheckboxView.swift in Sources */ = {isa = PBXBuildFile; fileRef = 8BFEA528231C252E007D09B3 /* CheckboxView.swift */; };
		8BFEA52B231C27EF007D09B3 /* TitleCheckmarkView.swift in Sources */ = {isa = PBXBuildFile; fileRef = 8BFEA52A231C27EF007D09B3 /* TitleCheckmarkView.swift */; };
		8BFEA52D231C28AD007D09B3 /* FiltersView.swift in Sources */ = {isa = PBXBuildFile; fileRef = 8BFEA52C231C28AD007D09B3 /* FiltersView.swift */; };
		8BFEA52F231C2900007D09B3 /* Buttonize.swift in Sources */ = {isa = PBXBuildFile; fileRef = 8BFEA52E231C2900007D09B3 /* Buttonize.swift */; };
/* End PBXBuildFile section */

/* Begin PBXFileReference section */
		8B0E53D1230A4F5A008C99F4 /* CellView.swift */ = {isa = PBXFileReference; lastKnownFileType = sourcecode.swift; path = CellView.swift; sourceTree = "<group>"; };
		8B0E53D3230A53AA008C99F4 /* Screensaver.swift */ = {isa = PBXFileReference; lastKnownFileType = sourcecode.swift; path = Screensaver.swift; sourceTree = "<group>"; };
		8B0E53D5230A8023008C99F4 /* CardViewModelView.swift */ = {isa = PBXFileReference; lastKnownFileType = sourcecode.swift; path = CardViewModelView.swift; sourceTree = "<group>"; };
		8B0E53D7230A89D6008C99F4 /* CardCallbackView.swift */ = {isa = PBXFileReference; lastKnownFileType = sourcecode.swift; path = CardCallbackView.swift; sourceTree = "<group>"; };
		8B975D88231CB41D001B6658 /* UserDefaults+Extensions.swift */ = {isa = PBXFileReference; lastKnownFileType = sourcecode.swift; path = "UserDefaults+Extensions.swift"; sourceTree = "<group>"; };
		8B975D8A231CB4AE001B6658 /* Filters.swift */ = {isa = PBXFileReference; lastKnownFileType = sourcecode.swift; path = Filters.swift; sourceTree = "<group>"; };
		8B975D8C231CB732001B6658 /* FiltersModalView.swift */ = {isa = PBXFileReference; lastKnownFileType = sourcecode.swift; path = FiltersModalView.swift; sourceTree = "<group>"; };
		8B975D8E231CBACA001B6658 /* FiltersMC.swift */ = {isa = PBXFileReference; lastKnownFileType = sourcecode.swift; path = FiltersMC.swift; sourceTree = "<group>"; };
		8B975D98231CBE5E001B6658 /* CheckboxBinding.swift */ = {isa = PBXFileReference; fileEncoding = 4; lastKnownFileType = sourcecode.swift; path = CheckboxBinding.swift; sourceTree = "<group>"; };
		8B993C242309E33300B3C7DC /* Reusable.app */ = {isa = PBXFileReference; explicitFileType = wrapper.application; includeInIndex = 0; path = Reusable.app; sourceTree = BUILT_PRODUCTS_DIR; };
		8B993C272309E33300B3C7DC /* AppDelegate.swift */ = {isa = PBXFileReference; lastKnownFileType = sourcecode.swift; path = AppDelegate.swift; sourceTree = "<group>"; };
		8B993C292309E33300B3C7DC /* SceneDelegate.swift */ = {isa = PBXFileReference; lastKnownFileType = sourcecode.swift; path = SceneDelegate.swift; sourceTree = "<group>"; };
		8B993C2B2309E33300B3C7DC /* ContentView.swift */ = {isa = PBXFileReference; lastKnownFileType = sourcecode.swift; path = ContentView.swift; sourceTree = "<group>"; };
		8B993C2D2309E33700B3C7DC /* Assets.xcassets */ = {isa = PBXFileReference; lastKnownFileType = folder.assetcatalog; path = Assets.xcassets; sourceTree = "<group>"; };
		8B993C302309E33700B3C7DC /* Preview Assets.xcassets */ = {isa = PBXFileReference; lastKnownFileType = folder.assetcatalog; path = "Preview Assets.xcassets"; sourceTree = "<group>"; };
		8B993C332309E33700B3C7DC /* Base */ = {isa = PBXFileReference; lastKnownFileType = file.storyboard; name = Base; path = Base.lproj/LaunchScreen.storyboard; sourceTree = "<group>"; };
		8B993C352309E33700B3C7DC /* Info.plist */ = {isa = PBXFileReference; lastKnownFileType = text.plist.xml; path = Info.plist; sourceTree = "<group>"; };
		8B993C3B2309E34F00B3C7DC /* MainButtonView.swift */ = {isa = PBXFileReference; lastKnownFileType = sourcecode.swift; path = MainButtonView.swift; sourceTree = "<group>"; };
		8B993C3D2309E48700B3C7DC /* Color+Extensions.swift */ = {isa = PBXFileReference; lastKnownFileType = sourcecode.swift; path = "Color+Extensions.swift"; sourceTree = "<group>"; };
		8B993C3F2309E4F300B3C7DC /* Font+Extensions.swift */ = {isa = PBXFileReference; lastKnownFileType = sourcecode.swift; path = "Font+Extensions.swift"; sourceTree = "<group>"; };
		8B993C43230A066400B3C7DC /* CounterView.swift */ = {isa = PBXFileReference; lastKnownFileType = sourcecode.swift; path = CounterView.swift; sourceTree = "<group>"; };
		8B993C45230A06E000B3C7DC /* IncreaseDecreaseView.swift */ = {isa = PBXFileReference; lastKnownFileType = sourcecode.swift; path = IncreaseDecreaseView.swift; sourceTree = "<group>"; };
		8BA3B0BA231CC1D200D1DD8E /* EnvironmentFiltersView.swift */ = {isa = PBXFileReference; lastKnownFileType = sourcecode.swift; path = EnvironmentFiltersView.swift; sourceTree = "<group>"; };
		8BA3B0BC231CC20300D1DD8E /* Layout.swift */ = {isa = PBXFileReference; lastKnownFileType = sourcecode.swift; path = Layout.swift; sourceTree = "<group>"; };
		8BE12887230B704500644828 /* CardObserverView.swift */ = {isa = PBXFileReference; lastKnownFileType = sourcecode.swift; path = CardObserverView.swift; sourceTree = "<group>"; };
		8BFEA528231C252E007D09B3 /* CheckboxView.swift */ = {isa = PBXFileReference; lastKnownFileType = sourcecode.swift; path = CheckboxView.swift; sourceTree = "<group>"; };
		8BFEA52A231C27EF007D09B3 /* TitleCheckmarkView.swift */ = {isa = PBXFileReference; lastKnownFileType = sourcecode.swift; path = TitleCheckmarkView.swift; sourceTree = "<group>"; };
		8BFEA52C231C28AD007D09B3 /* FiltersView.swift */ = {isa = PBXFileReference; lastKnownFileType = sourcecode.swift; path = FiltersView.swift; sourceTree = "<group>"; };
		8BFEA52E231C2900007D09B3 /* Buttonize.swift */ = {isa = PBXFileReference; lastKnownFileType = sourcecode.swift; path = Buttonize.swift; sourceTree = "<group>"; };
/* End PBXFileReference section */

/* Begin PBXFrameworksBuildPhase section */
		8B993C212309E33300B3C7DC /* Frameworks */ = {
			isa = PBXFrameworksBuildPhase;
			buildActionMask = 2147483647;
			files = (
			);
			runOnlyForDeploymentPostprocessing = 0;
		};
/* End PBXFrameworksBuildPhase section */

/* Begin PBXGroup section */
		8B975D90231CBD84001B6658 /* State */ = {
			isa = PBXGroup;
			children = (
				8BFEA528231C252E007D09B3 /* CheckboxView.swift */,
			);
			path = State;
			sourceTree = "<group>";
		};
		8B975D91231CBD89001B6658 /* BindingState */ = {
			isa = PBXGroup;
			children = (
				8BFEA52A231C27EF007D09B3 /* TitleCheckmarkView.swift */,
				8B975D98231CBE5E001B6658 /* CheckboxBinding.swift */,
			);
			path = BindingState;
			sourceTree = "<group>";
		};
		8B975D92231CBD94001B6658 /* Observable */ = {
			isa = PBXGroup;
			children = (
			);
			path = Observable;
			sourceTree = "<group>";
		};
		8B975D93231CBD9D001B6658 /* Environment */ = {
			isa = PBXGroup;
			children = (
				8BA3B0BA231CC1D200D1DD8E /* EnvironmentFiltersView.swift */,
			);
			path = Environment;
			sourceTree = "<group>";
		};
		8B993C1B2309E33300B3C7DC = {
			isa = PBXGroup;
			children = (
				8B993C262309E33300B3C7DC /* Reusable */,
				8B993C252309E33300B3C7DC /* Products */,
			);
			sourceTree = "<group>";
		};
		8B993C252309E33300B3C7DC /* Products */ = {
			isa = PBXGroup;
			children = (
				8B993C242309E33300B3C7DC /* Reusable.app */,
			);
			name = Products;
			sourceTree = "<group>";
		};
		8B993C262309E33300B3C7DC /* Reusable */ = {
			isa = PBXGroup;
			children = (
				8BFEA527231C251C007D09B3 /* Checkbox */,
				8B993C272309E33300B3C7DC /* AppDelegate.swift */,
				8B993C292309E33300B3C7DC /* SceneDelegate.swift */,
				8B993C2B2309E33300B3C7DC /* ContentView.swift */,
				8B993C2D2309E33700B3C7DC /* Assets.xcassets */,
				8B993C322309E33700B3C7DC /* LaunchScreen.storyboard */,
				8B993C352309E33700B3C7DC /* Info.plist */,
				8B993C2F2309E33700B3C7DC /* Preview Content */,
				8B993C3B2309E34F00B3C7DC /* MainButtonView.swift */,
				8B993C3D2309E48700B3C7DC /* Color+Extensions.swift */,
				8B993C3F2309E4F300B3C7DC /* Font+Extensions.swift */,
				8B993C43230A066400B3C7DC /* CounterView.swift */,
				8B993C45230A06E000B3C7DC /* IncreaseDecreaseView.swift */,
				8B0E53D1230A4F5A008C99F4 /* CellView.swift */,
				8B0E53D3230A53AA008C99F4 /* Screensaver.swift */,
				8B0E53D5230A8023008C99F4 /* CardViewModelView.swift */,
				8B0E53D7230A89D6008C99F4 /* CardCallbackView.swift */,
				8BE12887230B704500644828 /* CardObserverView.swift */,
				8BFEA52E231C2900007D09B3 /* Buttonize.swift */,
			);
			path = Reusable;
			sourceTree = "<group>";
		};
		8B993C2F2309E33700B3C7DC /* Preview Content */ = {
			isa = PBXGroup;
			children = (
				8B993C302309E33700B3C7DC /* Preview Assets.xcassets */,
			);
			path = "Preview Content";
			sourceTree = "<group>";
		};
		8BFEA527231C251C007D09B3 /* Checkbox */ = {
			isa = PBXGroup;
			children = (
				8B975D93231CBD9D001B6658 /* Environment */,
				8B975D92231CBD94001B6658 /* Observable */,
				8B975D91231CBD89001B6658 /* BindingState */,
				8B975D90231CBD84001B6658 /* State */,
				8BFEA52C231C28AD007D09B3 /* FiltersView.swift */,
				8B975D88231CB41D001B6658 /* UserDefaults+Extensions.swift */,
				8B975D8A231CB4AE001B6658 /* Filters.swift */,
				8B975D8C231CB732001B6658 /* FiltersModalView.swift */,
				8B975D8E231CBACA001B6658 /* FiltersMC.swift */,
				8BA3B0BC231CC20300D1DD8E /* Layout.swift */,
			);
			path = Checkbox;
			sourceTree = "<group>";
		};
/* End PBXGroup section */

/* Begin PBXNativeTarget section */
		8B993C232309E33300B3C7DC /* Reusable */ = {
			isa = PBXNativeTarget;
			buildConfigurationList = 8B993C382309E33700B3C7DC /* Build configuration list for PBXNativeTarget "Reusable" */;
			buildPhases = (
				8B993C202309E33300B3C7DC /* Sources */,
				8B993C212309E33300B3C7DC /* Frameworks */,
				8B993C222309E33300B3C7DC /* Resources */,
			);
			buildRules = (
			);
			dependencies = (
			);
			name = Reusable;
			productName = Reusable;
			productReference = 8B993C242309E33300B3C7DC /* Reusable.app */;
			productType = "com.apple.product-type.application";
		};
/* End PBXNativeTarget section */

/* Begin PBXProject section */
		8B993C1C2309E33300B3C7DC /* Project object */ = {
			isa = PBXProject;
			attributes = {
				LastSwiftUpdateCheck = 1100;
				LastUpgradeCheck = 1100;
				ORGANIZATIONNAME = elemes;
				TargetAttributes = {
					8B993C232309E33300B3C7DC = {
						CreatedOnToolsVersion = 11.0;
					};
				};
			};
			buildConfigurationList = 8B993C1F2309E33300B3C7DC /* Build configuration list for PBXProject "Reusable" */;
			compatibilityVersion = "Xcode 9.3";
			developmentRegion = en;
			hasScannedForEncodings = 0;
			knownRegions = (
				en,
				Base,
			);
			mainGroup = 8B993C1B2309E33300B3C7DC;
			productRefGroup = 8B993C252309E33300B3C7DC /* Products */;
			projectDirPath = "";
			projectRoot = "";
			targets = (
				8B993C232309E33300B3C7DC /* Reusable */,
			);
		};
/* End PBXProject section */

/* Begin PBXResourcesBuildPhase section */
		8B993C222309E33300B3C7DC /* Resources */ = {
			isa = PBXResourcesBuildPhase;
			buildActionMask = 2147483647;
			files = (
				8B993C342309E33700B3C7DC /* LaunchScreen.storyboard in Resources */,
				8B993C312309E33700B3C7DC /* Preview Assets.xcassets in Resources */,
				8B993C2E2309E33700B3C7DC /* Assets.xcassets in Resources */,
			);
			runOnlyForDeploymentPostprocessing = 0;
		};
/* End PBXResourcesBuildPhase section */

/* Begin PBXSourcesBuildPhase section */
		8B993C202309E33300B3C7DC /* Sources */ = {
			isa = PBXSourcesBuildPhase;
			buildActionMask = 2147483647;
			files = (
				8BA3B0BB231CC1D200D1DD8E /* EnvironmentFiltersView.swift in Sources */,
				8BFEA52D231C28AD007D09B3 /* FiltersView.swift in Sources */,
				8BA3B0BD231CC20300D1DD8E /* Layout.swift in Sources */,
				8B993C402309E4F300B3C7DC /* Font+Extensions.swift in Sources */,
				8B993C3E2309E48700B3C7DC /* Color+Extensions.swift in Sources */,
				8BE12888230B704500644828 /* CardObserverView.swift in Sources */,
				8BFEA52B231C27EF007D09B3 /* TitleCheckmarkView.swift in Sources */,
				8B0E53D8230A89D6008C99F4 /* CardCallbackView.swift in Sources */,
				8B993C282309E33300B3C7DC /* AppDelegate.swift in Sources */,
				8B0E53D4230A53AA008C99F4 /* Screensaver.swift in Sources */,
				8B993C44230A066400B3C7DC /* CounterView.swift in Sources */,
				8B975D8B231CB4AE001B6658 /* Filters.swift in Sources */,
				8B993C2A2309E33300B3C7DC /* SceneDelegate.swift in Sources */,
				8B975D89231CB41D001B6658 /* UserDefaults+Extensions.swift in Sources */,
				8B993C2C2309E33300B3C7DC /* ContentView.swift in Sources */,
				8B993C46230A06E000B3C7DC /* IncreaseDecreaseView.swift in Sources */,
				8B993C3C2309E34F00B3C7DC /* MainButtonView.swift in Sources */,
				8B975D8F231CBACA001B6658 /* FiltersMC.swift in Sources */,
				8BFEA529231C252E007D09B3 /* CheckboxView.swift in Sources */,
				8B0E53D6230A8023008C99F4 /* CardViewModelView.swift in Sources */,
				8B0E53D2230A4F5A008C99F4 /* CellView.swift in Sources */,
				8B975D8D231CB732001B6658 /* FiltersModalView.swift in Sources */,
				8BFEA52F231C2900007D09B3 /* Buttonize.swift in Sources */,
				8B975D99231CBE5E001B6658 /* CheckboxBinding.swift in Sources */,
			);
			runOnlyForDeploymentPostprocessing = 0;
		};
/* End PBXSourcesBuildPhase section */

/* Begin PBXVariantGroup section */
		8B993C322309E33700B3C7DC /* LaunchScreen.storyboard */ = {
			isa = PBXVariantGroup;
			children = (
				8B993C332309E33700B3C7DC /* Base */,
			);
			name = LaunchScreen.storyboard;
			sourceTree = "<group>";
		};
/* End PBXVariantGroup section */

/* Begin XCBuildConfiguration section */
		8B993C362309E33700B3C7DC /* Debug */ = {
			isa = XCBuildConfiguration;
			buildSettings = {
				ALWAYS_SEARCH_USER_PATHS = NO;
				CLANG_ANALYZER_NONNULL = YES;
				CLANG_ANALYZER_NUMBER_OBJECT_CONVERSION = YES_AGGRESSIVE;
				CLANG_CXX_LANGUAGE_STANDARD = "gnu++14";
				CLANG_CXX_LIBRARY = "libc++";
				CLANG_ENABLE_MODULES = YES;
				CLANG_ENABLE_OBJC_ARC = YES;
				CLANG_ENABLE_OBJC_WEAK = YES;
				CLANG_WARN_BLOCK_CAPTURE_AUTORELEASING = YES;
				CLANG_WARN_BOOL_CONVERSION = YES;
				CLANG_WARN_COMMA = YES;
				CLANG_WARN_CONSTANT_CONVERSION = YES;
				CLANG_WARN_DEPRECATED_OBJC_IMPLEMENTATIONS = YES;
				CLANG_WARN_DIRECT_OBJC_ISA_USAGE = YES_ERROR;
				CLANG_WARN_DOCUMENTATION_COMMENTS = YES;
				CLANG_WARN_EMPTY_BODY = YES;
				CLANG_WARN_ENUM_CONVERSION = YES;
				CLANG_WARN_INFINITE_RECURSION = YES;
				CLANG_WARN_INT_CONVERSION = YES;
				CLANG_WARN_NON_LITERAL_NULL_CONVERSION = YES;
				CLANG_WARN_OBJC_IMPLICIT_RETAIN_SELF = YES;
				CLANG_WARN_OBJC_LITERAL_CONVERSION = YES;
				CLANG_WARN_OBJC_ROOT_CLASS = YES_ERROR;
				CLANG_WARN_RANGE_LOOP_ANALYSIS = YES;
				CLANG_WARN_STRICT_PROTOTYPES = YES;
				CLANG_WARN_SUSPICIOUS_MOVE = YES;
				CLANG_WARN_UNGUARDED_AVAILABILITY = YES_AGGRESSIVE;
				CLANG_WARN_UNREACHABLE_CODE = YES;
				CLANG_WARN__DUPLICATE_METHOD_MATCH = YES;
				COPY_PHASE_STRIP = NO;
				DEBUG_INFORMATION_FORMAT = dwarf;
				ENABLE_STRICT_OBJC_MSGSEND = YES;
				ENABLE_TESTABILITY = YES;
				GCC_C_LANGUAGE_STANDARD = gnu11;
				GCC_DYNAMIC_NO_PIC = NO;
				GCC_NO_COMMON_BLOCKS = YES;
				GCC_OPTIMIZATION_LEVEL = 0;
				GCC_PREPROCESSOR_DEFINITIONS = (
					"DEBUG=1",
					"$(inherited)",
				);
				GCC_WARN_64_TO_32_BIT_CONVERSION = YES;
				GCC_WARN_ABOUT_RETURN_TYPE = YES_ERROR;
				GCC_WARN_UNDECLARED_SELECTOR = YES;
				GCC_WARN_UNINITIALIZED_AUTOS = YES_AGGRESSIVE;
				GCC_WARN_UNUSED_FUNCTION = YES;
				GCC_WARN_UNUSED_VARIABLE = YES;
				IPHONEOS_DEPLOYMENT_TARGET = 13.0;
				MTL_ENABLE_DEBUG_INFO = INCLUDE_SOURCE;
				MTL_FAST_MATH = YES;
				ONLY_ACTIVE_ARCH = YES;
				SDKROOT = iphoneos;
				SWIFT_ACTIVE_COMPILATION_CONDITIONS = DEBUG;
				SWIFT_OPTIMIZATION_LEVEL = "-Onone";
			};
			name = Debug;
		};
		8B993C372309E33700B3C7DC /* Release */ = {
			isa = XCBuildConfiguration;
			buildSettings = {
				ALWAYS_SEARCH_USER_PATHS = NO;
				CLANG_ANALYZER_NONNULL = YES;
				CLANG_ANALYZER_NUMBER_OBJECT_CONVERSION = YES_AGGRESSIVE;
				CLANG_CXX_LANGUAGE_STANDARD = "gnu++14";
				CLANG_CXX_LIBRARY = "libc++";
				CLANG_ENABLE_MODULES = YES;
				CLANG_ENABLE_OBJC_ARC = YES;
				CLANG_ENABLE_OBJC_WEAK = YES;
				CLANG_WARN_BLOCK_CAPTURE_AUTORELEASING = YES;
				CLANG_WARN_BOOL_CONVERSION = YES;
				CLANG_WARN_COMMA = YES;
				CLANG_WARN_CONSTANT_CONVERSION = YES;
				CLANG_WARN_DEPRECATED_OBJC_IMPLEMENTATIONS = YES;
				CLANG_WARN_DIRECT_OBJC_ISA_USAGE = YES_ERROR;
				CLANG_WARN_DOCUMENTATION_COMMENTS = YES;
				CLANG_WARN_EMPTY_BODY = YES;
				CLANG_WARN_ENUM_CONVERSION = YES;
				CLANG_WARN_INFINITE_RECURSION = YES;
				CLANG_WARN_INT_CONVERSION = YES;
				CLANG_WARN_NON_LITERAL_NULL_CONVERSION = YES;
				CLANG_WARN_OBJC_IMPLICIT_RETAIN_SELF = YES;
				CLANG_WARN_OBJC_LITERAL_CONVERSION = YES;
				CLANG_WARN_OBJC_ROOT_CLASS = YES_ERROR;
				CLANG_WARN_RANGE_LOOP_ANALYSIS = YES;
				CLANG_WARN_STRICT_PROTOTYPES = YES;
				CLANG_WARN_SUSPICIOUS_MOVE = YES;
				CLANG_WARN_UNGUARDED_AVAILABILITY = YES_AGGRESSIVE;
				CLANG_WARN_UNREACHABLE_CODE = YES;
				CLANG_WARN__DUPLICATE_METHOD_MATCH = YES;
				COPY_PHASE_STRIP = NO;
				DEBUG_INFORMATION_FORMAT = "dwarf-with-dsym";
				ENABLE_NS_ASSERTIONS = NO;
				ENABLE_STRICT_OBJC_MSGSEND = YES;
				GCC_C_LANGUAGE_STANDARD = gnu11;
				GCC_NO_COMMON_BLOCKS = YES;
				GCC_WARN_64_TO_32_BIT_CONVERSION = YES;
				GCC_WARN_ABOUT_RETURN_TYPE = YES_ERROR;
				GCC_WARN_UNDECLARED_SELECTOR = YES;
				GCC_WARN_UNINITIALIZED_AUTOS = YES_AGGRESSIVE;
				GCC_WARN_UNUSED_FUNCTION = YES;
				GCC_WARN_UNUSED_VARIABLE = YES;
				IPHONEOS_DEPLOYMENT_TARGET = 13.0;
				MTL_ENABLE_DEBUG_INFO = NO;
				MTL_FAST_MATH = YES;
				SDKROOT = iphoneos;
				SWIFT_COMPILATION_MODE = wholemodule;
				SWIFT_OPTIMIZATION_LEVEL = "-O";
				VALIDATE_PRODUCT = YES;
			};
			name = Release;
		};
		8B993C392309E33700B3C7DC /* Debug */ = {
			isa = XCBuildConfiguration;
			buildSettings = {
				ASSETCATALOG_COMPILER_APPICON_NAME = AppIcon;
				CODE_SIGN_STYLE = Automatic;
				DEVELOPMENT_ASSET_PATHS = "Reusable/Preview\\ Content";
				DEVELOPMENT_TEAM = 2HG8AL7F4U;
				ENABLE_PREVIEWS = YES;
				INFOPLIST_FILE = Reusable/Info.plist;
				LD_RUNPATH_SEARCH_PATHS = (
					"$(inherited)",
					"@executable_path/Frameworks",
				);
				PRODUCT_BUNDLE_IDENTIFIER = elemes.Reusable;
				PRODUCT_NAME = "$(TARGET_NAME)";
				SWIFT_VERSION = 5.0;
				TARGETED_DEVICE_FAMILY = "1,2";
			};
			name = Debug;
		};
		8B993C3A2309E33700B3C7DC /* Release */ = {
			isa = XCBuildConfiguration;
			buildSettings = {
				ASSETCATALOG_COMPILER_APPICON_NAME = AppIcon;
				CODE_SIGN_STYLE = Automatic;
				DEVELOPMENT_ASSET_PATHS = "Reusable/Preview\\ Content";
				DEVELOPMENT_TEAM = 2HG8AL7F4U;
				ENABLE_PREVIEWS = YES;
				INFOPLIST_FILE = Reusable/Info.plist;
				LD_RUNPATH_SEARCH_PATHS = (
					"$(inherited)",
					"@executable_path/Frameworks",
				);
				PRODUCT_BUNDLE_IDENTIFIER = elemes.Reusable;
				PRODUCT_NAME = "$(TARGET_NAME)";
				SWIFT_VERSION = 5.0;
				TARGETED_DEVICE_FAMILY = "1,2";
			};
			name = Release;
		};
/* End XCBuildConfiguration section */

/* Begin XCConfigurationList section */
		8B993C1F2309E33300B3C7DC /* Build configuration list for PBXProject "Reusable" */ = {
			isa = XCConfigurationList;
			buildConfigurations = (
				8B993C362309E33700B3C7DC /* Debug */,
				8B993C372309E33700B3C7DC /* Release */,
			);
			defaultConfigurationIsVisible = 0;
			defaultConfigurationName = Release;
		};
		8B993C382309E33700B3C7DC /* Build configuration list for PBXNativeTarget "Reusable" */ = {
			isa = XCConfigurationList;
			buildConfigurations = (
				8B993C392309E33700B3C7DC /* Debug */,
				8B993C3A2309E33700B3C7DC /* Release */,
			);
			defaultConfigurationIsVisible = 0;
			defaultConfigurationName = Release;
		};
/* End XCConfigurationList section */
	};
	rootObject = 8B993C1C2309E33300B3C7DC /* Project object */;
}
